
Microsoft Visual Studio Solution File, Format Version 12.00
# Visual Studio 14
VisualStudioVersion = 14.0.24720.0
MinimumVisualStudioVersion = 10.0.40219.1
Project("{FAE04EC0-301F-11D3-BF4B-00C04F79EFBC}") = "ScooldLibB05027", "ScooldLibB05027\ScooldLibB05027.csproj", "{7479D869-80E4-4C83-BC76-8D5AF4897CBF}"
EndProject
Project("{FAE04EC0-301F-11D3-BF4B-00C04F79EFBC}") = "SchoolSysAppB05027", "SchoolSysAppB05027\SchoolSysAppB05027.csproj", "{6371A709-9C2F-416D-A9AE-5E283100D3F6}"
EndProject
Global
	GlobalSection(SolutionConfigurationPlatforms) = preSolution
		Debug|Any CPU = Debug|Any CPU
		Release|Any CPU = Release|Any CPU
	EndGlobalSection
	GlobalSection(ProjectConfigurationPlatforms) = postSolution
		{7479D869-80E4-4C83-BC76-8D5AF4897CBF}.Debug|Any CPU.ActiveCfg = Debug|Any CPU
		{7479D869-80E4-4C83-BC76-8D5AF4897CBF}.Debug|Any CPU.Build.0 = Debug|Any CPU
		{7479D869-80E4-4C83-BC76-8D5AF4897CBF}.Release|Any CPU.ActiveCfg = Release|Any CPU
		{7479D869-80E4-4C83-BC76-8D5AF4897CBF}.Release|Any CPU.Build.0 = Release|Any CPU
		{6371A709-9C2F-416D-A9AE-5E283100D3F6}.Debug|Any CPU.ActiveCfg = Debug|Any CPU
		{6371A709-9C2F-416D-A9AE-5E283100D3F6}.Debug|Any CPU.Build.0 = Debug|Any CPU
		{6371A709-9C2F-416D-A9AE-5E283100D3F6}.Release|Any CPU.ActiveCfg = Release|Any CPU
		{6371A709-9C2F-416D-A9AE-5E283100D3F6}.Release|Any CPU.Build.0 = Release|Any CPU
	EndGlobalSection
	GlobalSection(SolutionProperties) = preSolution
		HideSolutionNode = FALSE
	EndGlobalSection
EndGlobal
